
Microsoft Visual Studio Solution File, Format Version 12.00
# Visual Studio 2015
Project("{FAE04EC0-301F-11D3-BF4B-00C04F79EFBC}") = "EasyChef.CSharp", "EasyChef.CSharp.csproj", "{B7C355A4-A42C-81DF-EE74-1279740F71CE}"
EndProject
Project("{FAE04EC0-301F-11D3-BF4B-00C04F79EFBC}") = "EasyChef.CSharp.Editor", "EasyChef.CSharp.Editor.csproj", "{EF2915D3-6B48-FA20-CF51-6822EA9EA182}"
EndProject
Global
	GlobalSection(SolutionConfigurationPlatforms) = preSolution
		Debug|Any CPU = Debug|Any CPU
		Release|Any CPU = Release|Any CPU
	EndGlobalSection
	GlobalSection(ProjectConfigurationPlatforms) = postSolution
		{B7C355A4-A42C-81DF-EE74-1279740F71CE}.Debug|Any CPU.ActiveCfg = Debug|Any CPU
		{B7C355A4-A42C-81DF-EE74-1279740F71CE}.Debug|Any CPU.Build.0 = Debug|Any CPU
		{B7C355A4-A42C-81DF-EE74-1279740F71CE}.Release|Any CPU.ActiveCfg = Release|Any CPU
		{B7C355A4-A42C-81DF-EE74-1279740F71CE}.Release|Any CPU.Build.0 = Release|Any CPU
		{EF2915D3-6B48-FA20-CF51-6822EA9EA182}.Debug|Any CPU.ActiveCfg = Debug|Any CPU
		{EF2915D3-6B48-FA20-CF51-6822EA9EA182}.Debug|Any CPU.Build.0 = Debug|Any CPU
		{EF2915D3-6B48-FA20-CF51-6822EA9EA182}.Release|Any CPU.ActiveCfg = Release|Any CPU
		{EF2915D3-6B48-FA20-CF51-6822EA9EA182}.Release|Any CPU.Build.0 = Release|Any CPU
	EndGlobalSection
	GlobalSection(SolutionProperties) = preSolution
		HideSolutionNode = FALSE
	EndGlobalSection
EndGlobal
